// !$*UTF8*$!
{
	archiveVersion = 1;
	classes = {
	};
	objectVersion = 51;
	objects = {

/* Begin PBXBuildFile section */
		22BE19B90F11383141BFBF99 /* libPods-testVideoFilter.a in Frameworks */ = {isa = PBXBuildFile; fileRef = 376868100B30095AF7D23F65 /* libPods-testVideoFilter.a */; };
		E8D023132414D576008E0FE2 /* sample.mp4 in Resources */ = {isa = PBXBuildFile; fileRef = E8D023122414D576008E0FE2 /* sample.mp4 */; };
		E8D0231624150C5A008E0FE2 /* CustomVideoCompositionInstruction.m in Sources */ = {isa = PBXBuildFile; fileRef = E8D0231524150C5A008E0FE2 /* CustomVideoCompositionInstruction.m */; };
		E8D0231924150CE7008E0FE2 /* CustomFilter.m in Sources */ = {isa = PBXBuildFile; fileRef = E8D0231824150CE7008E0FE2 /* CustomFilter.m */; };
		E8D0231C241524E3008E0FE2 /* CustomVideoCompositing.m in Sources */ = {isa = PBXBuildFile; fileRef = E8D0231B241524E3008E0FE2 /* CustomVideoCompositing.m */; };
		E8F289CE241C885C00B57105 /* YUVConversion.fsh in Resources */ = {isa = PBXBuildFile; fileRef = E8F289C5241C885C00B57105 /* YUVConversion.fsh */; };
		E8F289CF241C885C00B57105 /* YUVConversion.vsh in Resources */ = {isa = PBXBuildFile; fileRef = E8F289C6241C885C00B57105 /* YUVConversion.vsh */; };
		E8F289D1241C885C00B57105 /* MFShaderHelper.m in Sources */ = {isa = PBXBuildFile; fileRef = E8F289C9241C885C00B57105 /* MFShaderHelper.m */; };
		E8F289D2241C885C00B57105 /* MFPixelBufferHelper.m in Sources */ = {isa = PBXBuildFile; fileRef = E8F289CA241C885C00B57105 /* MFPixelBufferHelper.m */; };
		E8F289DB241CB52900B57105 /* Normal.fsh in Resources */ = {isa = PBXBuildFile; fileRef = E8F289D9241CB52900B57105 /* Normal.fsh */; };
		E8F289DC241CB52900B57105 /* Normal.vsh in Resources */ = {isa = PBXBuildFile; fileRef = E8F289DA241CB52900B57105 /* Normal.vsh */; };
		E8F96ED62414998A0068E999 /* AppDelegate.m in Sources */ = {isa = PBXBuildFile; fileRef = E8F96ED52414998A0068E999 /* AppDelegate.m */; };
		E8F96ED92414998A0068E999 /* SceneDelegate.m in Sources */ = {isa = PBXBuildFile; fileRef = E8F96ED82414998A0068E999 /* SceneDelegate.m */; };
		E8F96EDC2414998A0068E999 /* ViewController.m in Sources */ = {isa = PBXBuildFile; fileRef = E8F96EDB2414998A0068E999 /* ViewController.m */; };
		E8F96EDF2414998A0068E999 /* Main.storyboard in Resources */ = {isa = PBXBuildFile; fileRef = E8F96EDD2414998A0068E999 /* Main.storyboard */; };
		E8F96EE12414998E0068E999 /* Assets.xcassets in Resources */ = {isa = PBXBuildFile; fileRef = E8F96EE02414998E0068E999 /* Assets.xcassets */; };
		E8F96EE42414998E0068E999 /* LaunchScreen.storyboard in Resources */ = {isa = PBXBuildFile; fileRef = E8F96EE22414998E0068E999 /* LaunchScreen.storyboard */; };
		E8F96EE72414998E0068E999 /* main.m in Sources */ = {isa = PBXBuildFile; fileRef = E8F96EE62414998E0068E999 /* main.m */; };
		E8F96EF924149F390068E999 /* AVFoundationViewController.m in Sources */ = {isa = PBXBuildFile; fileRef = E8F96EF424149F390068E999 /* AVFoundationViewController.m */; };
		E8F96EFA24149F390068E999 /* GPUImageViewController.m in Sources */ = {isa = PBXBuildFile; fileRef = E8F96EF724149F390068E999 /* GPUImageViewController.m */; };
/* End PBXBuildFile section */

/* Begin PBXFileReference section */
		361510B68D4D69D605BFFE56 /* Pods-testVideoFilter.release.xcconfig */ = {isa = PBXFileReference; includeInIndex = 1; lastKnownFileType = text.xcconfig; name = "Pods-testVideoFilter.release.xcconfig"; path = "Target Support Files/Pods-testVideoFilter/Pods-testVideoFilter.release.xcconfig"; sourceTree = "<group>"; };
		376868100B30095AF7D23F65 /* libPods-testVideoFilter.a */ = {isa = PBXFileReference; explicitFileType = archive.ar; includeInIndex = 0; path = "libPods-testVideoFilter.a"; sourceTree = BUILT_PRODUCTS_DIR; };
		E0AD90F5838590DD824F6805 /* Pods-testVideoFilter.debug.xcconfig */ = {isa = PBXFileReference; includeInIndex = 1; lastKnownFileType = text.xcconfig; name = "Pods-testVideoFilter.debug.xcconfig"; path = "Target Support Files/Pods-testVideoFilter/Pods-testVideoFilter.debug.xcconfig"; sourceTree = "<group>"; };
		E8D023122414D576008E0FE2 /* sample.mp4 */ = {isa = PBXFileReference; lastKnownFileType = file; path = sample.mp4; sourceTree = "<group>"; };
		E8D0231424150C5A008E0FE2 /* CustomVideoCompositionInstruction.h */ = {isa = PBXFileReference; lastKnownFileType = sourcecode.c.h; path = CustomVideoCompositionInstruction.h; sourceTree = "<group>"; };
		E8D0231524150C5A008E0FE2 /* CustomVideoCompositionInstruction.m */ = {isa = PBXFileReference; lastKnownFileType = sourcecode.c.objc; path = CustomVideoCompositionInstruction.m; sourceTree = "<group>"; };
		E8D0231724150CE7008E0FE2 /* CustomFilter.h */ = {isa = PBXFileReference; lastKnownFileType = sourcecode.c.h; path = CustomFilter.h; sourceTree = "<group>"; };
		E8D0231824150CE7008E0FE2 /* CustomFilter.m */ = {isa = PBXFileReference; lastKnownFileType = sourcecode.c.objc; path = CustomFilter.m; sourceTree = "<group>"; };
		E8D0231A241524E3008E0FE2 /* CustomVideoCompositing.h */ = {isa = PBXFileReference; lastKnownFileType = sourcecode.c.h; path = CustomVideoCompositing.h; sourceTree = "<group>"; };
		E8D0231B241524E3008E0FE2 /* CustomVideoCompositing.m */ = {isa = PBXFileReference; lastKnownFileType = sourcecode.c.objc; path = CustomVideoCompositing.m; sourceTree = "<group>"; };
		E8F289C5241C885C00B57105 /* YUVConversion.fsh */ = {isa = PBXFileReference; fileEncoding = 4; lastKnownFileType = sourcecode.glsl; path = YUVConversion.fsh; sourceTree = "<group>"; };
		E8F289C6241C885C00B57105 /* YUVConversion.vsh */ = {isa = PBXFileReference; fileEncoding = 4; lastKnownFileType = sourcecode.glsl; path = YUVConversion.vsh; sourceTree = "<group>"; };
		E8F289C9241C885C00B57105 /* MFShaderHelper.m */ = {isa = PBXFileReference; fileEncoding = 4; lastKnownFileType = sourcecode.c.objc; path = MFShaderHelper.m; sourceTree = "<group>"; };
		E8F289CA241C885C00B57105 /* MFPixelBufferHelper.m */ = {isa = PBXFileReference; fileEncoding = 4; lastKnownFileType = sourcecode.c.objc; path = MFPixelBufferHelper.m; sourceTree = "<group>"; };
		E8F289CB241C885C00B57105 /* MFShaderHelper.h */ = {isa = PBXFileReference; fileEncoding = 4; lastKnownFileType = sourcecode.c.h; path = MFShaderHelper.h; sourceTree = "<group>"; };
		E8F289CC241C885C00B57105 /* MFPixelBufferHelper.h */ = {isa = PBXFileReference; fileEncoding = 4; lastKnownFileType = sourcecode.c.h; path = MFPixelBufferHelper.h; sourceTree = "<group>"; };
		E8F289D9241CB52900B57105 /* Normal.fsh */ = {isa = PBXFileReference; fileEncoding = 4; lastKnownFileType = sourcecode.glsl; path = Normal.fsh; sourceTree = "<group>"; };
		E8F289DA241CB52900B57105 /* Normal.vsh */ = {isa = PBXFileReference; fileEncoding = 4; lastKnownFileType = sourcecode.glsl; path = Normal.vsh; sourceTree = "<group>"; };
		E8F96ED12414998A0068E999 /* testVideoFilter.app */ = {isa = PBXFileReference; explicitFileType = wrapper.application; includeInIndex = 0; path = testVideoFilter.app; sourceTree = BUILT_PRODUCTS_DIR; };
		E8F96ED42414998A0068E999 /* AppDelegate.h */ = {isa = PBXFileReference; lastKnownFileType = sourcecode.c.h; path = AppDelegate.h; sourceTree = "<group>"; };
		E8F96ED52414998A0068E999 /* AppDelegate.m */ = {isa = PBXFileReference; lastKnownFileType = sourcecode.c.objc; path = AppDelegate.m; sourceTree = "<group>"; };
		E8F96ED72414998A0068E999 /* SceneDelegate.h */ = {isa = PBXFileReference; lastKnownFileType = sourcecode.c.h; path = SceneDelegate.h; sourceTree = "<group>"; };
		E8F96ED82414998A0068E999 /* SceneDelegate.m */ = {isa = PBXFileReference; lastKnownFileType = sourcecode.c.objc; path = SceneDelegate.m; sourceTree = "<group>"; };
		E8F96EDA2414998A0068E999 /* ViewController.h */ = {isa = PBXFileReference; lastKnownFileType = sourcecode.c.h; path = ViewController.h; sourceTree = "<group>"; };
		E8F96EDB2414998A0068E999 /* ViewController.m */ = {isa = PBXFileReference; lastKnownFileType = sourcecode.c.objc; path = ViewController.m; sourceTree = "<group>"; };
		E8F96EDE2414998A0068E999 /* Base */ = {isa = PBXFileReference; lastKnownFileType = file.storyboard; name = Base; path = Base.lproj/Main.storyboard; sourceTree = "<group>"; };
		E8F96EE02414998E0068E999 /* Assets.xcassets */ = {isa = PBXFileReference; lastKnownFileType = folder.assetcatalog; path = Assets.xcassets; sourceTree = "<group>"; };
		E8F96EE32414998E0068E999 /* Base */ = {isa = PBXFileReference; lastKnownFileType = file.storyboard; name = Base; path = Base.lproj/LaunchScreen.storyboard; sourceTree = "<group>"; };
		E8F96EE52414998E0068E999 /* Info.plist */ = {isa = PBXFileReference; lastKnownFileType = text.plist.xml; path = Info.plist; sourceTree = "<group>"; };
		E8F96EE62414998E0068E999 /* main.m */ = {isa = PBXFileReference; lastKnownFileType = sourcecode.c.objc; path = main.m; sourceTree = "<group>"; };
		E8F96EF424149F390068E999 /* AVFoundationViewController.m */ = {isa = PBXFileReference; fileEncoding = 4; lastKnownFileType = sourcecode.c.objc; path = AVFoundationViewController.m; sourceTree = "<group>"; };
		E8F96EF524149F390068E999 /* AVFoundationViewController.h */ = {isa = PBXFileReference; fileEncoding = 4; lastKnownFileType = sourcecode.c.h; path = AVFoundationViewController.h; sourceTree = "<group>"; };
		E8F96EF724149F390068E999 /* GPUImageViewController.m */ = {isa = PBXFileReference; fileEncoding = 4; lastKnownFileType = sourcecode.c.objc; path = GPUImageViewController.m; sourceTree = "<group>"; };
		E8F96EF824149F390068E999 /* GPUImageViewController.h */ = {isa = PBXFileReference; fileEncoding = 4; lastKnownFileType = sourcecode.c.h; path = GPUImageViewController.h; sourceTree = "<group>"; };
/* End PBXFileReference section */

/* Begin PBXFrameworksBuildPhase section */
		E8F96ECE2414998A0068E999 /* Frameworks */ = {
			isa = PBXFrameworksBuildPhase;
			buildActionMask = 2147483647;
			files = (
				22BE19B90F11383141BFBF99 /* libPods-testVideoFilter.a in Frameworks */,
			);
			runOnlyForDeploymentPostprocessing = 0;
		};
/* End PBXFrameworksBuildPhase section */

/* Begin PBXGroup section */
		89A6A0C25C85A808F572331F /* Frameworks */ = {
			isa = PBXGroup;
			children = (
				376868100B30095AF7D23F65 /* libPods-testVideoFilter.a */,
			);
			name = Frameworks;
			sourceTree = "<group>";
		};
		99CD4855847C8D78610075C3 /* Pods */ = {
			isa = PBXGroup;
			children = (
				E0AD90F5838590DD824F6805 /* Pods-testVideoFilter.debug.xcconfig */,
				361510B68D4D69D605BFFE56 /* Pods-testVideoFilter.release.xcconfig */,
			);
			path = Pods;
			sourceTree = "<group>";
		};
		E8F289C3241C885C00B57105 /* Shader */ = {
			isa = PBXGroup;
			children = (
				E8F289D9241CB52900B57105 /* Normal.fsh */,
				E8F289DA241CB52900B57105 /* Normal.vsh */,
				E8F289C5241C885C00B57105 /* YUVConversion.fsh */,
				E8F289C6241C885C00B57105 /* YUVConversion.vsh */,
			);
			path = Shader;
			sourceTree = "<group>";
		};
		E8F289C8241C885C00B57105 /* Utils */ = {
			isa = PBXGroup;
			children = (
				E8F289C9241C885C00B57105 /* MFShaderHelper.m */,
				E8F289CA241C885C00B57105 /* MFPixelBufferHelper.m */,
				E8F289CB241C885C00B57105 /* MFShaderHelper.h */,
				E8F289CC241C885C00B57105 /* MFPixelBufferHelper.h */,
			);
			path = Utils;
			sourceTree = "<group>";
		};
		E8F96EC82414998A0068E999 = {
			isa = PBXGroup;
			children = (
				E8F96ED32414998A0068E999 /* testVideoFilter */,
				E8F96ED22414998A0068E999 /* Products */,
				99CD4855847C8D78610075C3 /* Pods */,
				89A6A0C25C85A808F572331F /* Frameworks */,
			);
			sourceTree = "<group>";
		};
		E8F96ED22414998A0068E999 /* Products */ = {
			isa = PBXGroup;
			children = (
				E8F96ED12414998A0068E999 /* testVideoFilter.app */,
			);
			name = Products;
			sourceTree = "<group>";
		};
		E8F96ED32414998A0068E999 /* testVideoFilter */ = {
			isa = PBXGroup;
			children = (
				E8D023122414D576008E0FE2 /* sample.mp4 */,
				E8F96ED42414998A0068E999 /* AppDelegate.h */,
				E8F96ED52414998A0068E999 /* AppDelegate.m */,
				E8F96ED72414998A0068E999 /* SceneDelegate.h */,
				E8F96ED82414998A0068E999 /* SceneDelegate.m */,
				E8F96EDA2414998A0068E999 /* ViewController.h */,
				E8F96EDB2414998A0068E999 /* ViewController.m */,
				E8F96EE62414998E0068E999 /* main.m */,
				E8F96EE52414998E0068E999 /* Info.plist */,
				E8F96EE22414998E0068E999 /* LaunchScreen.storyboard */,
				E8F96EDD2414998A0068E999 /* Main.storyboard */,
				E8F96EE02414998E0068E999 /* Assets.xcassets */,
				E8F289C3241C885C00B57105 /* Shader */,
				E8F289C8241C885C00B57105 /* Utils */,
				E8F96EF324149F390068E999 /* AVFoundation */,
				E8F96EF624149F390068E999 /* GPUImage */,
			);
			path = testVideoFilter;
			sourceTree = "<group>";
		};
		E8F96EF324149F390068E999 /* AVFoundation */ = {
			isa = PBXGroup;
			children = (
				E8F96EF524149F390068E999 /* AVFoundationViewController.h */,
				E8F96EF424149F390068E999 /* AVFoundationViewController.m */,
				E8D0231424150C5A008E0FE2 /* CustomVideoCompositionInstruction.h */,
				E8D0231524150C5A008E0FE2 /* CustomVideoCompositionInstruction.m */,
				E8D0231A241524E3008E0FE2 /* CustomVideoCompositing.h */,
				E8D0231B241524E3008E0FE2 /* CustomVideoCompositing.m */,
				E8D0231724150CE7008E0FE2 /* CustomFilter.h */,
				E8D0231824150CE7008E0FE2 /* CustomFilter.m */,
			);
			path = AVFoundation;
			sourceTree = "<group>";
		};
		E8F96EF624149F390068E999 /* GPUImage */ = {
			isa = PBXGroup;
			children = (
				E8F96EF824149F390068E999 /* GPUImageViewController.h */,
				E8F96EF724149F390068E999 /* GPUImageViewController.m */,
			);
			path = GPUImage;
			sourceTree = "<group>";
		};
/* End PBXGroup section */

/* Begin PBXNativeTarget section */
		E8F96ED02414998A0068E999 /* testVideoFilter */ = {
			isa = PBXNativeTarget;
			buildConfigurationList = E8F96EEA2414998E0068E999 /* Build configuration list for PBXNativeTarget "testVideoFilter" */;
			buildPhases = (
				A322AD75F29FAF60A2FA1D30 /* [CP] Check Pods Manifest.lock */,
				E8F96ECD2414998A0068E999 /* Sources */,
				E8F96ECE2414998A0068E999 /* Frameworks */,
				E8F96ECF2414998A0068E999 /* Resources */,
				13713C377DC8DB338ACDF648 /* [CP] Copy Pods Resources */,
			);
			buildRules = (
			);
			dependencies = (
			);
			name = testVideoFilter;
			productName = testVideoFilter;
			productReference = E8F96ED12414998A0068E999 /* testVideoFilter.app */;
			productType = "com.apple.product-type.application";
		};
/* End PBXNativeTarget section */

/* Begin PBXProject section */
		E8F96EC92414998A0068E999 /* Project object */ = {
			isa = PBXProject;
			attributes = {
				LastUpgradeCheck = 1130;
				ORGANIZATIONNAME = "Lyman Li";
				TargetAttributes = {
					E8F96ED02414998A0068E999 = {
						CreatedOnToolsVersion = 11.3.1;
					};
				};
			};
			buildConfigurationList = E8F96ECC2414998A0068E999 /* Build configuration list for PBXProject "testVideoFilter" */;
			compatibilityVersion = "Xcode 9.3";
			developmentRegion = en;
			hasScannedForEncodings = 0;
			knownRegions = (
				en,
				Base,
			);
			mainGroup = E8F96EC82414998A0068E999;
			productRefGroup = E8F96ED22414998A0068E999 /* Products */;
			projectDirPath = "";
			projectRoot = "";
			targets = (
				E8F96ED02414998A0068E999 /* testVideoFilter */,
			);
		};
/* End PBXProject section */

/* Begin PBXResourcesBuildPhase section */
		E8F96ECF2414998A0068E999 /* Resources */ = {
			isa = PBXResourcesBuildPhase;
			buildActionMask = 2147483647;
			files = (
				E8F289CE241C885C00B57105 /* YUVConversion.fsh in Resources */,
				E8F96EE42414998E0068E999 /* LaunchScreen.storyboard in Resources */,
				E8F289DC241CB52900B57105 /* Normal.vsh in Resources */,
				E8F96EE12414998E0068E999 /* Assets.xcassets in Resources */,
				E8F289CF241C885C00B57105 /* YUVConversion.vsh in Resources */,
				E8F289DB241CB52900B57105 /* Normal.fsh in Resources */,
				E8F96EDF2414998A0068E999 /* Main.storyboard in Resources */,
				E8D023132414D576008E0FE2 /* sample.mp4 in Resources */,
			);
			runOnlyForDeploymentPostprocessing = 0;
		};
/* End PBXResourcesBuildPhase section */

/* Begin PBXShellScriptBuildPhase section */
		13713C377DC8DB338ACDF648 /* [CP] Copy Pods Resources */ = {
			isa = PBXShellScriptBuildPhase;
			buildActionMask = 2147483647;
			files = (
			);
			inputFileListPaths = (
				"${PODS_ROOT}/Target Support Files/Pods-testVideoFilter/Pods-testVideoFilter-resources-${CONFIGURATION}-input-files.xcfilelist",
			);
			name = "[CP] Copy Pods Resources";
			outputFileListPaths = (
				"${PODS_ROOT}/Target Support Files/Pods-testVideoFilter/Pods-testVideoFilter-resources-${CONFIGURATION}-output-files.xcfilelist",
			);
			runOnlyForDeploymentPostprocessing = 0;
			shellPath = /bin/sh;
			shellScript = "\"${PODS_ROOT}/Target Support Files/Pods-testVideoFilter/Pods-testVideoFilter-resources.sh\"\n";
			showEnvVarsInLog = 0;
		};
		A322AD75F29FAF60A2FA1D30 /* [CP] Check Pods Manifest.lock */ = {
			isa = PBXShellScriptBuildPhase;
			buildActionMask = 2147483647;
			files = (
			);
			inputFileListPaths = (
			);
			inputPaths = (
				"${PODS_PODFILE_DIR_PATH}/Podfile.lock",
				"${PODS_ROOT}/Manifest.lock",
			);
			name = "[CP] Check Pods Manifest.lock";
			outputFileListPaths = (
			);
			outputPaths = (
				"$(DERIVED_FILE_DIR)/Pods-testVideoFilter-checkManifestLockResult.txt",
			);
			runOnlyForDeploymentPostprocessing = 0;
			shellPath = /bin/sh;
			shellScript = "diff \"${PODS_PODFILE_DIR_PATH}/Podfile.lock\" \"${PODS_ROOT}/Manifest.lock\" > /dev/null\nif [ $? != 0 ] ; then\n    # print error to STDERR\n    echo \"error: The sandbox is not in sync with the Podfile.lock. Run 'pod install' or update your CocoaPods installation.\" >&2\n    exit 1\nfi\n# This output is used by Xcode 'outputs' to avoid re-running this script phase.\necho \"SUCCESS\" > \"${SCRIPT_OUTPUT_FILE_0}\"\n";
			showEnvVarsInLog = 0;
		};
/* End PBXShellScriptBuildPhase section */

/* Begin PBXSourcesBuildPhase section */
		E8F96ECD2414998A0068E999 /* Sources */ = {
			isa = PBXSourcesBuildPhase;
			buildActionMask = 2147483647;
			files = (
				E8F96EDC2414998A0068E999 /* ViewController.m in Sources */,
				E8F96ED62414998A0068E999 /* AppDelegate.m in Sources */,
				E8F289D2241C885C00B57105 /* MFPixelBufferHelper.m in Sources */,
				E8D0231924150CE7008E0FE2 /* CustomFilter.m in Sources */,
				E8F96EE72414998E0068E999 /* main.m in Sources */,
				E8F96EFA24149F390068E999 /* GPUImageViewController.m in Sources */,
				E8F96EF924149F390068E999 /* AVFoundationViewController.m in Sources */,
				E8D0231624150C5A008E0FE2 /* CustomVideoCompositionInstruction.m in Sources */,
				E8F96ED92414998A0068E999 /* SceneDelegate.m in Sources */,
				E8D0231C241524E3008E0FE2 /* CustomVideoCompositing.m in Sources */,
				E8F289D1241C885C00B57105 /* MFShaderHelper.m in Sources */,
			);
			runOnlyForDeploymentPostprocessing = 0;
		};
/* End PBXSourcesBuildPhase section */

/* Begin PBXVariantGroup section */
		E8F96EDD2414998A0068E999 /* Main.storyboard */ = {
			isa = PBXVariantGroup;
			children = (
				E8F96EDE2414998A0068E999 /* Base */,
			);
			name = Main.storyboard;
			sourceTree = "<group>";
		};
		E8F96EE22414998E0068E999 /* LaunchScreen.storyboard */ = {
			isa = PBXVariantGroup;
			children = (
				E8F96EE32414998E0068E999 /* Base */,
			);
			name = LaunchScreen.storyboard;
			sourceTree = "<group>";
		};
/* End PBXVariantGroup section */

/* Begin XCBuildConfiguration section */
		E8F96EE82414998E0068E999 /* Debug */ = {
			isa = XCBuildConfiguration;
			buildSettings = {
				ALWAYS_SEARCH_USER_PATHS = NO;
				CLANG_ANALYZER_NONNULL = YES;
				CLANG_ANALYZER_NUMBER_OBJECT_CONVERSION = YES_AGGRESSIVE;
				CLANG_CXX_LANGUAGE_STANDARD = "gnu++14";
				CLANG_CXX_LIBRARY = "libc++";
				CLANG_ENABLE_MODULES = YES;
				CLANG_ENABLE_OBJC_ARC = YES;
				CLANG_ENABLE_OBJC_WEAK = YES;
				CLANG_WARN_BLOCK_CAPTURE_AUTORELEASING = YES;
				CLANG_WARN_BOOL_CONVERSION = YES;
				CLANG_WARN_COMMA = YES;
				CLANG_WARN_CONSTANT_CONVERSION = YES;
				CLANG_WARN_DEPRECATED_OBJC_IMPLEMENTATIONS = YES;
				CLANG_WARN_DIRECT_OBJC_ISA_USAGE = YES_ERROR;
				CLANG_WARN_DOCUMENTATION_COMMENTS = YES;
				CLANG_WARN_EMPTY_BODY = YES;
				CLANG_WARN_ENUM_CONVERSION = YES;
				CLANG_WARN_INFINITE_RECURSION = YES;
				CLANG_WARN_INT_CONVERSION = YES;
				CLANG_WARN_NON_LITERAL_NULL_CONVERSION = YES;
				CLANG_WARN_OBJC_IMPLICIT_RETAIN_SELF = YES;
				CLANG_WARN_OBJC_LITERAL_CONVERSION = YES;
				CLANG_WARN_OBJC_ROOT_CLASS = YES_ERROR;
				CLANG_WARN_RANGE_LOOP_ANALYSIS = YES;
				CLANG_WARN_STRICT_PROTOTYPES = YES;
				CLANG_WARN_SUSPICIOUS_MOVE = YES;
				CLANG_WARN_UNGUARDED_AVAILABILITY = YES_AGGRESSIVE;
				CLANG_WARN_UNREACHABLE_CODE = YES;
				CLANG_WARN__DUPLICATE_METHOD_MATCH = YES;
				COPY_PHASE_STRIP = NO;
				DEBUG_INFORMATION_FORMAT = dwarf;
				ENABLE_STRICT_OBJC_MSGSEND = YES;
				ENABLE_TESTABILITY = YES;
				GCC_C_LANGUAGE_STANDARD = gnu11;
				GCC_DYNAMIC_NO_PIC = NO;
				GCC_NO_COMMON_BLOCKS = YES;
				GCC_OPTIMIZATION_LEVEL = 0;
				GCC_PREPROCESSOR_DEFINITIONS = (
					"DEBUG=1",
					"$(inherited)",
				);
				GCC_WARN_64_TO_32_BIT_CONVERSION = YES;
				GCC_WARN_ABOUT_RETURN_TYPE = YES_ERROR;
				GCC_WARN_UNDECLARED_SELECTOR = YES;
				GCC_WARN_UNINITIALIZED_AUTOS = YES_AGGRESSIVE;
				GCC_WARN_UNUSED_FUNCTION = YES;
				GCC_WARN_UNUSED_VARIABLE = YES;
				IPHONEOS_DEPLOYMENT_TARGET = 13.2;
				MTL_ENABLE_DEBUG_INFO = INCLUDE_SOURCE;
				MTL_FAST_MATH = YES;
				ONLY_ACTIVE_ARCH = YES;
				SDKROOT = iphoneos;
			};
			name = Debug;
		};
		E8F96EE92414998E0068E999 /* Release */ = {
			isa = XCBuildConfiguration;
			buildSettings = {
				ALWAYS_SEARCH_USER_PATHS = NO;
				CLANG_ANALYZER_NONNULL = YES;
				CLANG_ANALYZER_NUMBER_OBJECT_CONVERSION = YES_AGGRESSIVE;
				CLANG_CXX_LANGUAGE_STANDARD = "gnu++14";
				CLANG_CXX_LIBRARY = "libc++";
				CLANG_ENABLE_MODULES = YES;
				CLANG_ENABLE_OBJC_ARC = YES;
				CLANG_ENABLE_OBJC_WEAK = YES;
				CLANG_WARN_BLOCK_CAPTURE_AUTORELEASING = YES;
				CLANG_WARN_BOOL_CONVERSION = YES;
				CLANG_WARN_COMMA = YES;
				CLANG_WARN_CONSTANT_CONVERSION = YES;
				CLANG_WARN_DEPRECATED_OBJC_IMPLEMENTATIONS = YES;
				CLANG_WARN_DIRECT_OBJC_ISA_USAGE = YES_ERROR;
				CLANG_WARN_DOCUMENTATION_COMMENTS = YES;
				CLANG_WARN_EMPTY_BODY = YES;
				CLANG_WARN_ENUM_CONVERSION = YES;
				CLANG_WARN_INFINITE_RECURSION = YES;
				CLANG_WARN_INT_CONVERSION = YES;
				CLANG_WARN_NON_LITERAL_NULL_CONVERSION = YES;
				CLANG_WARN_OBJC_IMPLICIT_RETAIN_SELF = YES;
				CLANG_WARN_OBJC_LITERAL_CONVERSION = YES;
				CLANG_WARN_OBJC_ROOT_CLASS = YES_ERROR;
				CLANG_WARN_RANGE_LOOP_ANALYSIS = YES;
				CLANG_WARN_STRICT_PROTOTYPES = YES;
				CLANG_WARN_SUSPICIOUS_MOVE = YES;
				CLANG_WARN_UNGUARDED_AVAILABILITY = YES_AGGRESSIVE;
				CLANG_WARN_UNREACHABLE_CODE = YES;
				CLANG_WARN__DUPLICATE_METHOD_MATCH = YES;
				COPY_PHASE_STRIP = NO;
				DEBUG_INFORMATION_FORMAT = "dwarf-with-dsym";
				ENABLE_NS_ASSERTIONS = NO;
				ENABLE_STRICT_OBJC_MSGSEND = YES;
				GCC_C_LANGUAGE_STANDARD = gnu11;
				GCC_NO_COMMON_BLOCKS = YES;
				GCC_WARN_64_TO_32_BIT_CONVERSION = YES;
				GCC_WARN_ABOUT_RETURN_TYPE = YES_ERROR;
				GCC_WARN_UNDECLARED_SELECTOR = YES;
				GCC_WARN_UNINITIALIZED_AUTOS = YES_AGGRESSIVE;
				GCC_WARN_UNUSED_FUNCTION = YES;
				GCC_WARN_UNUSED_VARIABLE = YES;
				IPHONEOS_DEPLOYMENT_TARGET = 13.2;
				MTL_ENABLE_DEBUG_INFO = NO;
				MTL_FAST_MATH = YES;
				SDKROOT = iphoneos;
				VALIDATE_PRODUCT = YES;
			};
			name = Release;
		};
		E8F96EEB2414998E0068E999 /* Debug */ = {
			isa = XCBuildConfiguration;
			baseConfigurationReference = E0AD90F5838590DD824F6805 /* Pods-testVideoFilter.debug.xcconfig */;
			buildSettings = {
				ASSETCATALOG_COMPILER_APPICON_NAME = AppIcon;
				CODE_SIGN_STYLE = Automatic;
				DEVELOPMENT_TEAM = 7P79J85545;
				INFOPLIST_FILE = testVideoFilter/Info.plist;
				IPHONEOS_DEPLOYMENT_TARGET = 9.0;
				LD_RUNPATH_SEARCH_PATHS = (
					"$(inherited)",
					"@executable_path/Frameworks",
				);
				PRODUCT_BUNDLE_IDENTIFIER = com.lyman.testVideoFilter;
				PRODUCT_NAME = "$(TARGET_NAME)";
				TARGETED_DEVICE_FAMILY = 1;
			};
			name = Debug;
		};
		E8F96EEC2414998E0068E999 /* Release */ = {
			isa = XCBuildConfiguration;
			baseConfigurationReference = 361510B68D4D69D605BFFE56 /* Pods-testVideoFilter.release.xcconfig */;
			buildSettings = {
				ASSETCATALOG_COMPILER_APPICON_NAME = AppIcon;
				CODE_SIGN_STYLE = Automatic;
				DEVELOPMENT_TEAM = 7P79J85545;
				INFOPLIST_FILE = testVideoFilter/Info.plist;
				IPHONEOS_DEPLOYMENT_TARGET = 9.0;
				LD_RUNPATH_SEARCH_PATHS = (
					"$(inherited)",
					"@executable_path/Frameworks",
				);
				PRODUCT_BUNDLE_IDENTIFIER = com.lyman.testVideoFilter;
				PRODUCT_NAME = "$(TARGET_NAME)";
				TARGETED_DEVICE_FAMILY = 1;
			};
			name = Release;
		};
/* End XCBuildConfiguration section */

/* Begin XCConfigurationList section */
		E8F96ECC2414998A0068E999 /* Build configuration list for PBXProject "testVideoFilter" */ = {
			isa = XCConfigurationList;
			buildConfigurations = (
				E8F96EE82414998E0068E999 /* Debug */,
				E8F96EE92414998E0068E999 /* Release */,
			);
			defaultConfigurationIsVisible = 0;
			defaultConfigurationName = Release;
		};
		E8F96EEA2414998E0068E999 /* Build configuration list for PBXNativeTarget "testVideoFilter" */ = {
			isa = XCConfigurationList;
			buildConfigurations = (
				E8F96EEB2414998E0068E999 /* Debug */,
				E8F96EEC2414998E0068E999 /* Release */,
			);
			defaultConfigurationIsVisible = 0;
			defaultConfigurationName = Release;
		};
/* End XCConfigurationList section */
	};
	rootObject = E8F96EC92414998A0068E999 /* Project object */;
}
