// !$*UTF8*$!
{
	archiveVersion = 1;
	classes = {
	};
	objectVersion = 50;
	objects = {

/* Begin PBXBuildFile section */
		E831FBBD221E55A8004B60A0 /* AppDelegate.m in Sources */ = {isa = PBXBuildFile; fileRef = E831FBBC221E55A8004B60A0 /* AppDelegate.m */; };
		E831FBC0221E55A8004B60A0 /* ViewController.m in Sources */ = {isa = PBXBuildFile; fileRef = E831FBBF221E55A8004B60A0 /* ViewController.m */; };
		E831FBC3221E55A8004B60A0 /* Main.storyboard in Resources */ = {isa = PBXBuildFile; fileRef = E831FBC1221E55A8004B60A0 /* Main.storyboard */; };
		E831FBC5221E55AA004B60A0 /* Assets.xcassets in Resources */ = {isa = PBXBuildFile; fileRef = E831FBC4221E55AA004B60A0 /* Assets.xcassets */; };
		E831FBC8221E55AA004B60A0 /* LaunchScreen.storyboard in Resources */ = {isa = PBXBuildFile; fileRef = E831FBC6221E55AA004B60A0 /* LaunchScreen.storyboard */; };
		E831FBCB221E55AA004B60A0 /* main.m in Sources */ = {isa = PBXBuildFile; fileRef = E831FBCA221E55AA004B60A0 /* main.m */; };
		E831FBD3221E845D004B60A0 /* GLKitViewController.m in Sources */ = {isa = PBXBuildFile; fileRef = E831FBD2221E845D004B60A0 /* GLKitViewController.m */; };
		E831FBD6221E855D004B60A0 /* GLSLViewController.m in Sources */ = {isa = PBXBuildFile; fileRef = E831FBD5221E855D004B60A0 /* GLSLViewController.m */; };
		E831FBD8221E9643004B60A0 /* sample.jpg in Resources */ = {isa = PBXBuildFile; fileRef = E831FBD7221E9643004B60A0 /* sample.jpg */; };
		E831FC0F2220F9F0004B60A0 /* glsl.vsh in Resources */ = {isa = PBXBuildFile; fileRef = E831FC0D2220F9F0004B60A0 /* glsl.vsh */; };
		E831FC102220F9F0004B60A0 /* glsl.fsh in Resources */ = {isa = PBXBuildFile; fileRef = E831FC0E2220F9F0004B60A0 /* glsl.fsh */; };
/* End PBXBuildFile section */

/* Begin PBXFileReference section */
		E831FBB8221E55A8004B60A0 /* testOpenGLESRender.app */ = {isa = PBXFileReference; explicitFileType = wrapper.application; includeInIndex = 0; path = testOpenGLESRender.app; sourceTree = BUILT_PRODUCTS_DIR; };
		E831FBBB221E55A8004B60A0 /* AppDelegate.h */ = {isa = PBXFileReference; lastKnownFileType = sourcecode.c.h; path = AppDelegate.h; sourceTree = "<group>"; };
		E831FBBC221E55A8004B60A0 /* AppDelegate.m */ = {isa = PBXFileReference; lastKnownFileType = sourcecode.c.objc; path = AppDelegate.m; sourceTree = "<group>"; };
		E831FBBE221E55A8004B60A0 /* ViewController.h */ = {isa = PBXFileReference; lastKnownFileType = sourcecode.c.h; path = ViewController.h; sourceTree = "<group>"; };
		E831FBBF221E55A8004B60A0 /* ViewController.m */ = {isa = PBXFileReference; lastKnownFileType = sourcecode.c.objc; path = ViewController.m; sourceTree = "<group>"; };
		E831FBC2221E55A8004B60A0 /* Base */ = {isa = PBXFileReference; lastKnownFileType = file.storyboard; name = Base; path = Base.lproj/Main.storyboard; sourceTree = "<group>"; };
		E831FBC4221E55AA004B60A0 /* Assets.xcassets */ = {isa = PBXFileReference; lastKnownFileType = folder.assetcatalog; path = Assets.xcassets; sourceTree = "<group>"; };
		E831FBC7221E55AA004B60A0 /* Base */ = {isa = PBXFileReference; lastKnownFileType = file.storyboard; name = Base; path = Base.lproj/LaunchScreen.storyboard; sourceTree = "<group>"; };
		E831FBC9221E55AA004B60A0 /* Info.plist */ = {isa = PBXFileReference; lastKnownFileType = text.plist.xml; path = Info.plist; sourceTree = "<group>"; };
		E831FBCA221E55AA004B60A0 /* main.m */ = {isa = PBXFileReference; lastKnownFileType = sourcecode.c.objc; path = main.m; sourceTree = "<group>"; };
		E831FBD1221E845D004B60A0 /* GLKitViewController.h */ = {isa = PBXFileReference; lastKnownFileType = sourcecode.c.h; path = GLKitViewController.h; sourceTree = "<group>"; };
		E831FBD2221E845D004B60A0 /* GLKitViewController.m */ = {isa = PBXFileReference; lastKnownFileType = sourcecode.c.objc; path = GLKitViewController.m; sourceTree = "<group>"; };
		E831FBD4221E855D004B60A0 /* GLSLViewController.h */ = {isa = PBXFileReference; lastKnownFileType = sourcecode.c.h; path = GLSLViewController.h; sourceTree = "<group>"; };
		E831FBD5221E855D004B60A0 /* GLSLViewController.m */ = {isa = PBXFileReference; lastKnownFileType = sourcecode.c.objc; path = GLSLViewController.m; sourceTree = "<group>"; };
		E831FBD7221E9643004B60A0 /* sample.jpg */ = {isa = PBXFileReference; lastKnownFileType = image.jpeg; path = sample.jpg; sourceTree = "<group>"; };
		E831FC0D2220F9F0004B60A0 /* glsl.vsh */ = {isa = PBXFileReference; fileEncoding = 4; lastKnownFileType = sourcecode.glsl; path = glsl.vsh; sourceTree = "<group>"; };
		E831FC0E2220F9F0004B60A0 /* glsl.fsh */ = {isa = PBXFileReference; fileEncoding = 4; lastKnownFileType = sourcecode.glsl; path = glsl.fsh; sourceTree = "<group>"; };
/* End PBXFileReference section */

/* Begin PBXFrameworksBuildPhase section */
		E831FBB5221E55A8004B60A0 /* Frameworks */ = {
			isa = PBXFrameworksBuildPhase;
			buildActionMask = 2147483647;
			files = (
			);
			runOnlyForDeploymentPostprocessing = 0;
		};
/* End PBXFrameworksBuildPhase section */

/* Begin PBXGroup section */
		E831FBAF221E55A8004B60A0 = {
			isa = PBXGroup;
			children = (
				E831FBBA221E55A8004B60A0 /* testOpenGLESRender */,
				E831FBB9221E55A8004B60A0 /* Products */,
			);
			sourceTree = "<group>";
		};
		E831FBB9221E55A8004B60A0 /* Products */ = {
			isa = PBXGroup;
			children = (
				E831FBB8221E55A8004B60A0 /* testOpenGLESRender.app */,
			);
			name = Products;
			sourceTree = "<group>";
		};
		E831FBBA221E55A8004B60A0 /* testOpenGLESRender */ = {
			isa = PBXGroup;
			children = (
				E831FC0E2220F9F0004B60A0 /* glsl.fsh */,
				E831FC0D2220F9F0004B60A0 /* glsl.vsh */,
				E831FBD7221E9643004B60A0 /* sample.jpg */,
				E831FBBB221E55A8004B60A0 /* AppDelegate.h */,
				E831FBBC221E55A8004B60A0 /* AppDelegate.m */,
				E831FBBE221E55A8004B60A0 /* ViewController.h */,
				E831FBBF221E55A8004B60A0 /* ViewController.m */,
				E831FBD1221E845D004B60A0 /* GLKitViewController.h */,
				E831FBD2221E845D004B60A0 /* GLKitViewController.m */,
				E831FBD4221E855D004B60A0 /* GLSLViewController.h */,
				E831FBD5221E855D004B60A0 /* GLSLViewController.m */,
				E831FBC1221E55A8004B60A0 /* Main.storyboard */,
				E831FBC4221E55AA004B60A0 /* Assets.xcassets */,
				E831FBC6221E55AA004B60A0 /* LaunchScreen.storyboard */,
				E831FBC9221E55AA004B60A0 /* Info.plist */,
				E831FBCA221E55AA004B60A0 /* main.m */,
			);
			path = testOpenGLESRender;
			sourceTree = "<group>";
		};
/* End PBXGroup section */

/* Begin PBXNativeTarget section */
		E831FBB7221E55A8004B60A0 /* testOpenGLESRender */ = {
			isa = PBXNativeTarget;
			buildConfigurationList = E831FBCE221E55AA004B60A0 /* Build configuration list for PBXNativeTarget "testOpenGLESRender" */;
			buildPhases = (
				E831FBB4221E55A8004B60A0 /* Sources */,
				E831FBB5221E55A8004B60A0 /* Frameworks */,
				E831FBB6221E55A8004B60A0 /* Resources */,
			);
			buildRules = (
			);
			dependencies = (
			);
			name = testOpenGLESRender;
			productName = testOpenGLESRender;
			productReference = E831FBB8221E55A8004B60A0 /* testOpenGLESRender.app */;
			productType = "com.apple.product-type.application";
		};
/* End PBXNativeTarget section */

/* Begin PBXProject section */
		E831FBB0221E55A8004B60A0 /* Project object */ = {
			isa = PBXProject;
			attributes = {
				LastUpgradeCheck = 1010;
				ORGANIZATIONNAME = "Lyman Li";
				TargetAttributes = {
					E831FBB7221E55A8004B60A0 = {
						CreatedOnToolsVersion = 10.1;
					};
				};
			};
			buildConfigurationList = E831FBB3221E55A8004B60A0 /* Build configuration list for PBXProject "testOpenGLESRender" */;
			compatibilityVersion = "Xcode 9.3";
			developmentRegion = en;
			hasScannedForEncodings = 0;
			knownRegions = (
				en,
				Base,
			);
			mainGroup = E831FBAF221E55A8004B60A0;
			productRefGroup = E831FBB9221E55A8004B60A0 /* Products */;
			projectDirPath = "";
			projectRoot = "";
			targets = (
				E831FBB7221E55A8004B60A0 /* testOpenGLESRender */,
			);
		};
/* End PBXProject section */

/* Begin PBXResourcesBuildPhase section */
		E831FBB6221E55A8004B60A0 /* Resources */ = {
			isa = PBXResourcesBuildPhase;
			buildActionMask = 2147483647;
			files = (
				E831FBC8221E55AA004B60A0 /* LaunchScreen.storyboard in Resources */,
				E831FC102220F9F0004B60A0 /* glsl.fsh in Resources */,
				E831FC0F2220F9F0004B60A0 /* glsl.vsh in Resources */,
				E831FBC5221E55AA004B60A0 /* Assets.xcassets in Resources */,
				E831FBC3221E55A8004B60A0 /* Main.storyboard in Resources */,
				E831FBD8221E9643004B60A0 /* sample.jpg in Resources */,
			);
			runOnlyForDeploymentPostprocessing = 0;
		};
/* End PBXResourcesBuildPhase section */

/* Begin PBXSourcesBuildPhase section */
		E831FBB4221E55A8004B60A0 /* Sources */ = {
			isa = PBXSourcesBuildPhase;
			buildActionMask = 2147483647;
			files = (
				E831FBD6221E855D004B60A0 /* GLSLViewController.m in Sources */,
				E831FBC0221E55A8004B60A0 /* ViewController.m in Sources */,
				E831FBCB221E55AA004B60A0 /* main.m in Sources */,
				E831FBD3221E845D004B60A0 /* GLKitViewController.m in Sources */,
				E831FBBD221E55A8004B60A0 /* AppDelegate.m in Sources */,
			);
			runOnlyForDeploymentPostprocessing = 0;
		};
/* End PBXSourcesBuildPhase section */

/* Begin PBXVariantGroup section */
		E831FBC1221E55A8004B60A0 /* Main.storyboard */ = {
			isa = PBXVariantGroup;
			children = (
				E831FBC2221E55A8004B60A0 /* Base */,
			);
			name = Main.storyboard;
			sourceTree = "<group>";
		};
		E831FBC6221E55AA004B60A0 /* LaunchScreen.storyboard */ = {
			isa = PBXVariantGroup;
			children = (
				E831FBC7221E55AA004B60A0 /* Base */,
			);
			name = LaunchScreen.storyboard;
			sourceTree = "<group>";
		};
/* End PBXVariantGroup section */

/* Begin XCBuildConfiguration section */
		E831FBCC221E55AA004B60A0 /* Debug */ = {
			isa = XCBuildConfiguration;
			buildSettings = {
				ALWAYS_SEARCH_USER_PATHS = NO;
				CLANG_ANALYZER_NONNULL = YES;
				CLANG_ANALYZER_NUMBER_OBJECT_CONVERSION = YES_AGGRESSIVE;
				CLANG_CXX_LANGUAGE_STANDARD = "gnu++14";
				CLANG_CXX_LIBRARY = "libc++";
				CLANG_ENABLE_MODULES = YES;
				CLANG_ENABLE_OBJC_ARC = YES;
				CLANG_ENABLE_OBJC_WEAK = YES;
				CLANG_WARN_BLOCK_CAPTURE_AUTORELEASING = YES;
				CLANG_WARN_BOOL_CONVERSION = YES;
				CLANG_WARN_COMMA = YES;
				CLANG_WARN_CONSTANT_CONVERSION = YES;
				CLANG_WARN_DEPRECATED_OBJC_IMPLEMENTATIONS = YES;
				CLANG_WARN_DIRECT_OBJC_ISA_USAGE = YES_ERROR;
				CLANG_WARN_DOCUMENTATION_COMMENTS = YES;
				CLANG_WARN_EMPTY_BODY = YES;
				CLANG_WARN_ENUM_CONVERSION = YES;
				CLANG_WARN_INFINITE_RECURSION = YES;
				CLANG_WARN_INT_CONVERSION = YES;
				CLANG_WARN_NON_LITERAL_NULL_CONVERSION = YES;
				CLANG_WARN_OBJC_IMPLICIT_RETAIN_SELF = YES;
				CLANG_WARN_OBJC_LITERAL_CONVERSION = YES;
				CLANG_WARN_OBJC_ROOT_CLASS = YES_ERROR;
				CLANG_WARN_RANGE_LOOP_ANALYSIS = YES;
				CLANG_WARN_STRICT_PROTOTYPES = YES;
				CLANG_WARN_SUSPICIOUS_MOVE = YES;
				CLANG_WARN_UNGUARDED_AVAILABILITY = YES_AGGRESSIVE;
				CLANG_WARN_UNREACHABLE_CODE = YES;
				CLANG_WARN__DUPLICATE_METHOD_MATCH = YES;
				CODE_SIGN_IDENTITY = "iPhone Developer";
				COPY_PHASE_STRIP = NO;
				DEBUG_INFORMATION_FORMAT = dwarf;
				ENABLE_STRICT_OBJC_MSGSEND = YES;
				ENABLE_TESTABILITY = YES;
				GCC_C_LANGUAGE_STANDARD = gnu11;
				GCC_DYNAMIC_NO_PIC = NO;
				GCC_NO_COMMON_BLOCKS = YES;
				GCC_OPTIMIZATION_LEVEL = 0;
				GCC_PREPROCESSOR_DEFINITIONS = (
					"DEBUG=1",
					"$(inherited)",
				);
				GCC_WARN_64_TO_32_BIT_CONVERSION = YES;
				GCC_WARN_ABOUT_RETURN_TYPE = YES_ERROR;
				GCC_WARN_UNDECLARED_SELECTOR = YES;
				GCC_WARN_UNINITIALIZED_AUTOS = YES_AGGRESSIVE;
				GCC_WARN_UNUSED_FUNCTION = YES;
				GCC_WARN_UNUSED_VARIABLE = YES;
				IPHONEOS_DEPLOYMENT_TARGET = 12.1;
				MTL_ENABLE_DEBUG_INFO = INCLUDE_SOURCE;
				MTL_FAST_MATH = YES;
				ONLY_ACTIVE_ARCH = YES;
				SDKROOT = iphoneos;
			};
			name = Debug;
		};
		E831FBCD221E55AA004B60A0 /* Release */ = {
			isa = XCBuildConfiguration;
			buildSettings = {
				ALWAYS_SEARCH_USER_PATHS = NO;
				CLANG_ANALYZER_NONNULL = YES;
				CLANG_ANALYZER_NUMBER_OBJECT_CONVERSION = YES_AGGRESSIVE;
				CLANG_CXX_LANGUAGE_STANDARD = "gnu++14";
				CLANG_CXX_LIBRARY = "libc++";
				CLANG_ENABLE_MODULES = YES;
				CLANG_ENABLE_OBJC_ARC = YES;
				CLANG_ENABLE_OBJC_WEAK = YES;
				CLANG_WARN_BLOCK_CAPTURE_AUTORELEASING = YES;
				CLANG_WARN_BOOL_CONVERSION = YES;
				CLANG_WARN_COMMA = YES;
				CLANG_WARN_CONSTANT_CONVERSION = YES;
				CLANG_WARN_DEPRECATED_OBJC_IMPLEMENTATIONS = YES;
				CLANG_WARN_DIRECT_OBJC_ISA_USAGE = YES_ERROR;
				CLANG_WARN_DOCUMENTATION_COMMENTS = YES;
				CLANG_WARN_EMPTY_BODY = YES;
				CLANG_WARN_ENUM_CONVERSION = YES;
				CLANG_WARN_INFINITE_RECURSION = YES;
				CLANG_WARN_INT_CONVERSION = YES;
				CLANG_WARN_NON_LITERAL_NULL_CONVERSION = YES;
				CLANG_WARN_OBJC_IMPLICIT_RETAIN_SELF = YES;
				CLANG_WARN_OBJC_LITERAL_CONVERSION = YES;
				CLANG_WARN_OBJC_ROOT_CLASS = YES_ERROR;
				CLANG_WARN_RANGE_LOOP_ANALYSIS = YES;
				CLANG_WARN_STRICT_PROTOTYPES = YES;
				CLANG_WARN_SUSPICIOUS_MOVE = YES;
				CLANG_WARN_UNGUARDED_AVAILABILITY = YES_AGGRESSIVE;
				CLANG_WARN_UNREACHABLE_CODE = YES;
				CLANG_WARN__DUPLICATE_METHOD_MATCH = YES;
				CODE_SIGN_IDENTITY = "iPhone Developer";
				COPY_PHASE_STRIP = NO;
				DEBUG_INFORMATION_FORMAT = "dwarf-with-dsym";
				ENABLE_NS_ASSERTIONS = NO;
				ENABLE_STRICT_OBJC_MSGSEND = YES;
				GCC_C_LANGUAGE_STANDARD = gnu11;
				GCC_NO_COMMON_BLOCKS = YES;
				GCC_WARN_64_TO_32_BIT_CONVERSION = YES;
				GCC_WARN_ABOUT_RETURN_TYPE = YES_ERROR;
				GCC_WARN_UNDECLARED_SELECTOR = YES;
				GCC_WARN_UNINITIALIZED_AUTOS = YES_AGGRESSIVE;
				GCC_WARN_UNUSED_FUNCTION = YES;
				GCC_WARN_UNUSED_VARIABLE = YES;
				IPHONEOS_DEPLOYMENT_TARGET = 12.1;
				MTL_ENABLE_DEBUG_INFO = NO;
				MTL_FAST_MATH = YES;
				SDKROOT = iphoneos;
				VALIDATE_PRODUCT = YES;
			};
			name = Release;
		};
		E831FBCF221E55AA004B60A0 /* Debug */ = {
			isa = XCBuildConfiguration;
			buildSettings = {
				ASSETCATALOG_COMPILER_APPICON_NAME = AppIcon;
				CODE_SIGN_STYLE = Automatic;
				DEVELOPMENT_TEAM = 7P79J85545;
				INFOPLIST_FILE = testOpenGLESRender/Info.plist;
				IPHONEOS_DEPLOYMENT_TARGET = 8.0;
				LD_RUNPATH_SEARCH_PATHS = (
					"$(inherited)",
					"@executable_path/Frameworks",
				);
				PRODUCT_BUNDLE_IDENTIFIER = com.lyman.testOpenGLESRender;
				PRODUCT_NAME = "$(TARGET_NAME)";
				TARGETED_DEVICE_FAMILY = "1,2";
			};
			name = Debug;
		};
		E831FBD0221E55AA004B60A0 /* Release */ = {
			isa = XCBuildConfiguration;
			buildSettings = {
				ASSETCATALOG_COMPILER_APPICON_NAME = AppIcon;
				CODE_SIGN_STYLE = Automatic;
				DEVELOPMENT_TEAM = 7P79J85545;
				INFOPLIST_FILE = testOpenGLESRender/Info.plist;
				IPHONEOS_DEPLOYMENT_TARGET = 8.0;
				LD_RUNPATH_SEARCH_PATHS = (
					"$(inherited)",
					"@executable_path/Frameworks",
				);
				PRODUCT_BUNDLE_IDENTIFIER = com.lyman.testOpenGLESRender;
				PRODUCT_NAME = "$(TARGET_NAME)";
				TARGETED_DEVICE_FAMILY = "1,2";
			};
			name = Release;
		};
/* End XCBuildConfiguration section */

/* Begin XCConfigurationList section */
		E831FBB3221E55A8004B60A0 /* Build configuration list for PBXProject "testOpenGLESRender" */ = {
			isa = XCConfigurationList;
			buildConfigurations = (
				E831FBCC221E55AA004B60A0 /* Debug */,
				E831FBCD221E55AA004B60A0 /* Release */,
			);
			defaultConfigurationIsVisible = 0;
			defaultConfigurationName = Release;
		};
		E831FBCE221E55AA004B60A0 /* Build configuration list for PBXNativeTarget "testOpenGLESRender" */ = {
			isa = XCConfigurationList;
			buildConfigurations = (
				E831FBCF221E55AA004B60A0 /* Debug */,
				E831FBD0221E55AA004B60A0 /* Release */,
			);
			defaultConfigurationIsVisible = 0;
			defaultConfigurationName = Release;
		};
/* End XCConfigurationList section */
	};
	rootObject = E831FBB0221E55A8004B60A0 /* Project object */;
}
